
Microsoft Visual Studio Solution File, Format Version 12.00
# Visual Studio Version 17
VisualStudioVersion = 17.4.33213.308
MinimumVisualStudioVersion = 10.0.40219.1
Project("{FAE04EC0-301F-11D3-BF4B-00C04F79EFBC}") = "Proyecto", "Proyecto\Proyecto.csproj", "{836CEFF8-8A12-46A1-BC86-71CB5F8A309A}"
EndProject
Global
	GlobalSection(SolutionConfigurationPlatforms) = preSolution
		Debug|Any CPU = Debug|Any CPU
		Release|Any CPU = Release|Any CPU
	EndGlobalSection
	GlobalSection(ProjectConfigurationPlatforms) = postSolution
		{836CEFF8-8A12-46A1-BC86-71CB5F8A309A}.Debug|Any CPU.ActiveCfg = Debug|Any CPU
		{836CEFF8-8A12-46A1-BC86-71CB5F8A309A}.Debug|Any CPU.Build.0 = Debug|Any CPU
		{836CEFF8-8A12-46A1-BC86-71CB5F8A309A}.Release|Any CPU.ActiveCfg = Release|Any CPU
		{836CEFF8-8A12-46A1-BC86-71CB5F8A309A}.Release|Any CPU.Build.0 = Release|Any CPU
	EndGlobalSection
	GlobalSection(SolutionProperties) = preSolution
		HideSolutionNode = FALSE
	EndGlobalSection
	GlobalSection(ExtensibilityGlobals) = postSolution
		SolutionGuid = {54ADBCB9-4922-4ACA-91F1-747B44761449}
	EndGlobalSection
EndGlobal
